
Microsoft Visual Studio Solution File, Format Version 12.00
# Visual Studio Version 17
VisualStudioVersion = 17.0.31903.59
MinimumVisualStudioVersion = 10.0.40219.1
Project("{FAE04EC0-301F-11D3-BF4B-00C04F79EFBC}") = "StoreCMS.Auth", "StoreCMS.Auth\StoreCMS.Auth.csproj", "{2CBBCC63-B796-491C-BE26-94ED75F3A74C}"
EndProject
Project("{FAE04EC0-301F-11D3-BF4B-00C04F79EFBC}") = "StoreCMS.Checkout", "StoreCMS.Checkout\StoreCMS.Checkout.csproj", "{F55B2C8B-9F39-4EB5-B715-D88E9143A946}"
EndProject
Project("{FAE04EC0-301F-11D3-BF4B-00C04F79EFBC}") = "StoreCMS.Inventory", "StoreCMS.Inventory\StoreCMS.Inventory.csproj", "{2A33996F-DE3A-4C28-B07E-D019F2CDF6FF}"
EndProject
Project("{FAE04EC0-301F-11D3-BF4B-00C04F79EFBC}") = "StoreCMS.Common", "StoreCMS.Common\StoreCMS.Common.csproj", "{1CBD3E84-5D2E-4716-9826-3DD50A8EF943}"
EndProject
Project("{FAE04EC0-301F-11D3-BF4B-00C04F79EFBC}") = "WebApplication1", "WebApplication1\WebApplication1.csproj", "{D2914F3E-0752-4816-BE66-59D0CD2961ED}"
EndProject
Global
	GlobalSection(SolutionConfigurationPlatforms) = preSolution
		Debug|Any CPU = Debug|Any CPU
		Release|Any CPU = Release|Any CPU
	EndGlobalSection
	GlobalSection(ProjectConfigurationPlatforms) = postSolution
		{2CBBCC63-B796-491C-BE26-94ED75F3A74C}.Debug|Any CPU.ActiveCfg = Debug|Any CPU
		{2CBBCC63-B796-491C-BE26-94ED75F3A74C}.Debug|Any CPU.Build.0 = Debug|Any CPU
		{2CBBCC63-B796-491C-BE26-94ED75F3A74C}.Release|Any CPU.ActiveCfg = Release|Any CPU
		{2CBBCC63-B796-491C-BE26-94ED75F3A74C}.Release|Any CPU.Build.0 = Release|Any CPU
		{F55B2C8B-9F39-4EB5-B715-D88E9143A946}.Debug|Any CPU.ActiveCfg = Debug|Any CPU
		{F55B2C8B-9F39-4EB5-B715-D88E9143A946}.Debug|Any CPU.Build.0 = Debug|Any CPU
		{F55B2C8B-9F39-4EB5-B715-D88E9143A946}.Release|Any CPU.ActiveCfg = Release|Any CPU
		{F55B2C8B-9F39-4EB5-B715-D88E9143A946}.Release|Any CPU.Build.0 = Release|Any CPU
		{2A33996F-DE3A-4C28-B07E-D019F2CDF6FF}.Debug|Any CPU.ActiveCfg = Debug|Any CPU
		{2A33996F-DE3A-4C28-B07E-D019F2CDF6FF}.Debug|Any CPU.Build.0 = Debug|Any CPU
		{2A33996F-DE3A-4C28-B07E-D019F2CDF6FF}.Release|Any CPU.ActiveCfg = Release|Any CPU
		{2A33996F-DE3A-4C28-B07E-D019F2CDF6FF}.Release|Any CPU.Build.0 = Release|Any CPU
		{1CBD3E84-5D2E-4716-9826-3DD50A8EF943}.Debug|Any CPU.ActiveCfg = Debug|Any CPU
		{1CBD3E84-5D2E-4716-9826-3DD50A8EF943}.Debug|Any CPU.Build.0 = Debug|Any CPU
		{1CBD3E84-5D2E-4716-9826-3DD50A8EF943}.Release|Any CPU.ActiveCfg = Release|Any CPU
		{1CBD3E84-5D2E-4716-9826-3DD50A8EF943}.Release|Any CPU.Build.0 = Release|Any CPU
		{D2914F3E-0752-4816-BE66-59D0CD2961ED}.Debug|Any CPU.ActiveCfg = Debug|Any CPU
		{D2914F3E-0752-4816-BE66-59D0CD2961ED}.Debug|Any CPU.Build.0 = Debug|Any CPU
		{D2914F3E-0752-4816-BE66-59D0CD2961ED}.Release|Any CPU.ActiveCfg = Release|Any CPU
		{D2914F3E-0752-4816-BE66-59D0CD2961ED}.Release|Any CPU.Build.0 = Release|Any CPU
	EndGlobalSection
	GlobalSection(SolutionProperties) = preSolution
		HideSolutionNode = FALSE
	EndGlobalSection
	GlobalSection(ExtensibilityGlobals) = postSolution
		SolutionGuid = {135E6001-4F70-47B6-94D2-CA251BFDE1EA}
	EndGlobalSection
EndGlobal
